
Microsoft Visual Studio Solution File, Format Version 12.00
# Visual Studio 15
VisualStudioVersion = 15.0.28307.329
MinimumVisualStudioVersion = 10.0.40219.1
Project("{9A19103F-16F7-4668-BE54-9A1E7A4F7556}") = "Rrs.Logging", "Rrs.Logging\Rrs.Logging.csproj", "{1CE3B225-2E03-4EE0-8806-D04604F95B20}"
EndProject
Project("{9A19103F-16F7-4668-BE54-9A1E7A4F7556}") = "Rrs.Logging.NLog", "Rrs.Logging.NLog\Rrs.Logging.NLog.csproj", "{2BBB6F8A-9230-4B67-A67E-A486B0D39199}"
EndProject
Project("{9A19103F-16F7-4668-BE54-9A1E7A4F7556}") = "Rrs.Logging.SqlServer", "Rrs.Logging.SqlServer\Rrs.Logging.SqlServer.csproj", "{911A30A6-05A8-46FE-950A-278D37EC568D}"
EndProject
Project("{2150E333-8FDC-42A3-9474-1A3956D46DE8}") = "Solution Items", "Solution Items", "{21AEA161-A5CB-4FC3-AD77-2A051B07B43E}"
	ProjectSection(SolutionItems) = preProject
		..\CHANGELOG.md = ..\CHANGELOG.md
		..\README.md = ..\README.md
	EndProjectSection
EndProject
Project("{FAE04EC0-301F-11D3-BF4B-00C04F79EFBC}") = "Rrs.Logging.Json", "Rrs.Logging.Json\Rrs.Logging.Json.csproj", "{E8A88FA3-CCD0-408C-88A3-454AC2B3F30C}"
EndProject
Project("{FAE04EC0-301F-11D3-BF4B-00C04F79EFBC}") = "Rrs.Logging.Yaml", "Rrs.Logging.Yaml\Rrs.Logging.Yaml.csproj", "{D6A0AE43-6149-4EFA-9E25-99627901192C}"
EndProject
Global
	GlobalSection(SolutionConfigurationPlatforms) = preSolution
		Debug|Any CPU = Debug|Any CPU
		Release|Any CPU = Release|Any CPU
	EndGlobalSection
	GlobalSection(ProjectConfigurationPlatforms) = postSolution
		{1CE3B225-2E03-4EE0-8806-D04604F95B20}.Debug|Any CPU.ActiveCfg = Debug|Any CPU
		{1CE3B225-2E03-4EE0-8806-D04604F95B20}.Debug|Any CPU.Build.0 = Debug|Any CPU
		{1CE3B225-2E03-4EE0-8806-D04604F95B20}.Release|Any CPU.ActiveCfg = Release|Any CPU
		{1CE3B225-2E03-4EE0-8806-D04604F95B20}.Release|Any CPU.Build.0 = Release|Any CPU
		{2BBB6F8A-9230-4B67-A67E-A486B0D39199}.Debug|Any CPU.ActiveCfg = Debug|Any CPU
		{2BBB6F8A-9230-4B67-A67E-A486B0D39199}.Debug|Any CPU.Build.0 = Debug|Any CPU
		{2BBB6F8A-9230-4B67-A67E-A486B0D39199}.Release|Any CPU.ActiveCfg = Release|Any CPU
		{2BBB6F8A-9230-4B67-A67E-A486B0D39199}.Release|Any CPU.Build.0 = Release|Any CPU
		{911A30A6-05A8-46FE-950A-278D37EC568D}.Debug|Any CPU.ActiveCfg = Debug|Any CPU
		{911A30A6-05A8-46FE-950A-278D37EC568D}.Debug|Any CPU.Build.0 = Debug|Any CPU
		{911A30A6-05A8-46FE-950A-278D37EC568D}.Release|Any CPU.ActiveCfg = Release|Any CPU
		{911A30A6-05A8-46FE-950A-278D37EC568D}.Release|Any CPU.Build.0 = Release|Any CPU
		{E8A88FA3-CCD0-408C-88A3-454AC2B3F30C}.Debug|Any CPU.ActiveCfg = Debug|Any CPU
		{E8A88FA3-CCD0-408C-88A3-454AC2B3F30C}.Debug|Any CPU.Build.0 = Debug|Any CPU
		{E8A88FA3-CCD0-408C-88A3-454AC2B3F30C}.Release|Any CPU.ActiveCfg = Release|Any CPU
		{E8A88FA3-CCD0-408C-88A3-454AC2B3F30C}.Release|Any CPU.Build.0 = Release|Any CPU
		{D6A0AE43-6149-4EFA-9E25-99627901192C}.Debug|Any CPU.ActiveCfg = Debug|Any CPU
		{D6A0AE43-6149-4EFA-9E25-99627901192C}.Debug|Any CPU.Build.0 = Debug|Any CPU
		{D6A0AE43-6149-4EFA-9E25-99627901192C}.Release|Any CPU.ActiveCfg = Release|Any CPU
		{D6A0AE43-6149-4EFA-9E25-99627901192C}.Release|Any CPU.Build.0 = Release|Any CPU
	EndGlobalSection
	GlobalSection(SolutionProperties) = preSolution
		HideSolutionNode = FALSE
	EndGlobalSection
	GlobalSection(ExtensibilityGlobals) = postSolution
		SolutionGuid = {312B2572-881C-4263-8686-6FF3CF622919}
	EndGlobalSection
EndGlobal
